
Microsoft Visual Studio Solution File, Format Version 12.00
# Visual Studio Version 16
VisualStudioVersion = 16.0.32407.337
MinimumVisualStudioVersion = 10.0.40219.1
Project("{9A19103F-16F7-4668-BE54-9A1E7A4F7556}") = "Task1", "WorkWithFiles\Task1.csproj", "{30C9BDA6-6F6F-402C-9E88-B10C0B4F8E6A}"
EndProject
Project("{9A19103F-16F7-4668-BE54-9A1E7A4F7556}") = "Task2", "Task2\Task2.csproj", "{DF3AC111-6E23-4CD5-BFAE-003ED2DF1C1C}"
EndProject
Project("{9A19103F-16F7-4668-BE54-9A1E7A4F7556}") = "Task3", "Task3\Task3.csproj", "{2DF04FCA-1ECA-4963-BA64-A16E978D9C2C}"
EndProject
Project("{9A19103F-16F7-4668-BE54-9A1E7A4F7556}") = "FinalTask", "Task4\FinalTask.csproj", "{A3AEBE11-2BE7-4978-AFC8-BEB53461ABE9}"
EndProject
Global
	GlobalSection(SolutionConfigurationPlatforms) = preSolution
		Debug|Any CPU = Debug|Any CPU
		Release|Any CPU = Release|Any CPU
	EndGlobalSection
	GlobalSection(ProjectConfigurationPlatforms) = postSolution
		{30C9BDA6-6F6F-402C-9E88-B10C0B4F8E6A}.Debug|Any CPU.ActiveCfg = Debug|Any CPU
		{30C9BDA6-6F6F-402C-9E88-B10C0B4F8E6A}.Debug|Any CPU.Build.0 = Debug|Any CPU
		{30C9BDA6-6F6F-402C-9E88-B10C0B4F8E6A}.Release|Any CPU.ActiveCfg = Release|Any CPU
		{30C9BDA6-6F6F-402C-9E88-B10C0B4F8E6A}.Release|Any CPU.Build.0 = Release|Any CPU
		{DF3AC111-6E23-4CD5-BFAE-003ED2DF1C1C}.Debug|Any CPU.ActiveCfg = Debug|Any CPU
		{DF3AC111-6E23-4CD5-BFAE-003ED2DF1C1C}.Debug|Any CPU.Build.0 = Debug|Any CPU
		{DF3AC111-6E23-4CD5-BFAE-003ED2DF1C1C}.Release|Any CPU.ActiveCfg = Release|Any CPU
		{DF3AC111-6E23-4CD5-BFAE-003ED2DF1C1C}.Release|Any CPU.Build.0 = Release|Any CPU
		{2DF04FCA-1ECA-4963-BA64-A16E978D9C2C}.Debug|Any CPU.ActiveCfg = Debug|Any CPU
		{2DF04FCA-1ECA-4963-BA64-A16E978D9C2C}.Debug|Any CPU.Build.0 = Debug|Any CPU
		{2DF04FCA-1ECA-4963-BA64-A16E978D9C2C}.Release|Any CPU.ActiveCfg = Release|Any CPU
		{2DF04FCA-1ECA-4963-BA64-A16E978D9C2C}.Release|Any CPU.Build.0 = Release|Any CPU
		{A3AEBE11-2BE7-4978-AFC8-BEB53461ABE9}.Debug|Any CPU.ActiveCfg = Debug|Any CPU
		{A3AEBE11-2BE7-4978-AFC8-BEB53461ABE9}.Debug|Any CPU.Build.0 = Debug|Any CPU
		{A3AEBE11-2BE7-4978-AFC8-BEB53461ABE9}.Release|Any CPU.ActiveCfg = Release|Any CPU
		{A3AEBE11-2BE7-4978-AFC8-BEB53461ABE9}.Release|Any CPU.Build.0 = Release|Any CPU
	EndGlobalSection
	GlobalSection(SolutionProperties) = preSolution
		HideSolutionNode = FALSE
	EndGlobalSection
	GlobalSection(ExtensibilityGlobals) = postSolution
		SolutionGuid = {B7DEE00E-99F4-4B7C-9659-D11CB0BC0317}
	EndGlobalSection
EndGlobal
