
Microsoft Visual Studio Solution File, Format Version 12.00
# Visual Studio Version 16
VisualStudioVersion = 16.0.32407.337
MinimumVisualStudioVersion = 10.0.40219.1
Project("{FAE04EC0-301F-11D3-BF4B-00C04F79EFBC}") = "WorkWithFiles", "WorkWithFiles\WorkWithFiles.csproj", "{30C9BDA6-6F6F-402C-9E88-B10C0B4F8E6A}"
EndProject
Global
	GlobalSection(SolutionConfigurationPlatforms) = preSolution
		Debug|Any CPU = Debug|Any CPU
		Release|Any CPU = Release|Any CPU
	EndGlobalSection
	GlobalSection(ProjectConfigurationPlatforms) = postSolution
		{30C9BDA6-6F6F-402C-9E88-B10C0B4F8E6A}.Debug|Any CPU.ActiveCfg = Debug|Any CPU
		{30C9BDA6-6F6F-402C-9E88-B10C0B4F8E6A}.Debug|Any CPU.Build.0 = Debug|Any CPU
		{30C9BDA6-6F6F-402C-9E88-B10C0B4F8E6A}.Release|Any CPU.ActiveCfg = Release|Any CPU
		{30C9BDA6-6F6F-402C-9E88-B10C0B4F8E6A}.Release|Any CPU.Build.0 = Release|Any CPU
	EndGlobalSection
	GlobalSection(SolutionProperties) = preSolution
		HideSolutionNode = FALSE
	EndGlobalSection
	GlobalSection(ExtensibilityGlobals) = postSolution
		SolutionGuid = {B7DEE00E-99F4-4B7C-9659-D11CB0BC0317}
	EndGlobalSection
EndGlobal
